
Microsoft Visual Studio Solution File, Format Version 12.00
# Visual Studio Version 17
VisualStudioVersion = 17.10.34916.146
MinimumVisualStudioVersion = 10.0.40219.1
Project("{FAE04EC0-301F-11D3-BF4B-00C04F79EFBC}") = "Ejercicio2_VentaEntradas", "Ejercicio2_VentaEntradas.csproj", "{71E6BA64-C080-4527-8515-CD7FD49A5CCC}"
EndProject
Global
	GlobalSection(SolutionConfigurationPlatforms) = preSolution
		Debug|Any CPU = Debug|Any CPU
		Release|Any CPU = Release|Any CPU
	EndGlobalSection
	GlobalSection(ProjectConfigurationPlatforms) = postSolution
		{71E6BA64-C080-4527-8515-CD7FD49A5CCC}.Debug|Any CPU.ActiveCfg = Debug|Any CPU
		{71E6BA64-C080-4527-8515-CD7FD49A5CCC}.Debug|Any CPU.Build.0 = Debug|Any CPU
		{71E6BA64-C080-4527-8515-CD7FD49A5CCC}.Release|Any CPU.ActiveCfg = Release|Any CPU
		{71E6BA64-C080-4527-8515-CD7FD49A5CCC}.Release|Any CPU.Build.0 = Release|Any CPU
	EndGlobalSection
	GlobalSection(SolutionProperties) = preSolution
		HideSolutionNode = FALSE
	EndGlobalSection
	GlobalSection(ExtensibilityGlobals) = postSolution
		SolutionGuid = {2A05E8F9-16D5-4D72-BF0C-D3B31F0649A4}
	EndGlobalSection
EndGlobal
